
Microsoft Visual Studio Solution File, Format Version 12.00
# Visual Studio 15
VisualStudioVersion = 15.0.27130.2027
MinimumVisualStudioVersion = 10.0.40219.1
Project("{FAE04EC0-301F-11D3-BF4B-00C04F79EFBC}") = "ExportPlatform", "ExportPlatform\ExportPlatform.csproj", "{28D598C1-C784-4339-8D7D-D6812984FB5B}"
EndProject
Project("{FAE04EC0-301F-11D3-BF4B-00C04F79EFBC}") = "ProcessingsManager", "ProcessingsManager\ProcessingsManager.csproj", "{6866D6F0-F439-431B-B1D3-EA587BB26E1D}"
EndProject
Global
	GlobalSection(SolutionConfigurationPlatforms) = preSolution
		Debug|Any CPU = Debug|Any CPU
		Release|Any CPU = Release|Any CPU
	EndGlobalSection
	GlobalSection(ProjectConfigurationPlatforms) = postSolution
		{28D598C1-C784-4339-8D7D-D6812984FB5B}.Debug|Any CPU.ActiveCfg = Debug|Any CPU
		{28D598C1-C784-4339-8D7D-D6812984FB5B}.Debug|Any CPU.Build.0 = Debug|Any CPU
		{28D598C1-C784-4339-8D7D-D6812984FB5B}.Release|Any CPU.ActiveCfg = Release|Any CPU
		{28D598C1-C784-4339-8D7D-D6812984FB5B}.Release|Any CPU.Build.0 = Release|Any CPU
		{6866D6F0-F439-431B-B1D3-EA587BB26E1D}.Debug|Any CPU.ActiveCfg = Debug|Any CPU
		{6866D6F0-F439-431B-B1D3-EA587BB26E1D}.Debug|Any CPU.Build.0 = Debug|Any CPU
		{6866D6F0-F439-431B-B1D3-EA587BB26E1D}.Release|Any CPU.ActiveCfg = Release|Any CPU
		{6866D6F0-F439-431B-B1D3-EA587BB26E1D}.Release|Any CPU.Build.0 = Release|Any CPU
	EndGlobalSection
	GlobalSection(SolutionProperties) = preSolution
		HideSolutionNode = FALSE
	EndGlobalSection
	GlobalSection(ExtensibilityGlobals) = postSolution
		SolutionGuid = {EB065FE0-BAEB-411F-B6A0-41D2D54D220D}
	EndGlobalSection
EndGlobal
